
Microsoft Visual Studio Solution File, Format Version 12.00
# Visual Studio Version 17
VisualStudioVersion = 17.1.32210.238
MinimumVisualStudioVersion = 10.0.40219.1
Project("{2150E333-8FDC-42A3-9474-1A3956D46DE8}") = "Creational-Patterns", "Creational-Patterns", "{0D06F6B5-4641-4A8A-A796-A9C47914A723}"
EndProject
Project("{2150E333-8FDC-42A3-9474-1A3956D46DE8}") = "1-SingleTon", "1-SingleTon", "{9AF3CEA7-8BDE-4DB1-9873-27DB16C51296}"
EndProject
Project("{9A19103F-16F7-4668-BE54-9A1E7A4F7556}") = "Singleton", "Singleton\Singleton.csproj", "{04F38736-6441-4325-81BB-EAF1FD2D5B2F}"
EndProject
Project("{2150E333-8FDC-42A3-9474-1A3956D46DE8}") = "2-Factory Method", "2-Factory Method", "{AD66EACA-6C18-4BEE-B43A-79037676F86A}"
EndProject
Project("{9A19103F-16F7-4668-BE54-9A1E7A4F7556}") = "FactoryMethod", "FactoryMethod\FactoryMethod.csproj", "{4FB088F7-AD86-44A9-9C3C-1138E8B3593B}"
EndProject
Project("{2150E333-8FDC-42A3-9474-1A3956D46DE8}") = "3-Abstract Factory", "3-Abstract Factory", "{08830A0B-FCAC-469D-BEFD-EDF9F651C041}"
EndProject
Project("{9A19103F-16F7-4668-BE54-9A1E7A4F7556}") = "AbstractFactory", "Creational-Patterns\AbstractFactory\AbstractFactory.csproj", "{6F9B77A1-C704-4E0A-9199-CF0E40D39C06}"
EndProject
Project("{2150E333-8FDC-42A3-9474-1A3956D46DE8}") = "4-Builder", "4-Builder", "{A6E289B4-DBCA-4B7C-919E-879440EFECFD}"
EndProject
Project("{9A19103F-16F7-4668-BE54-9A1E7A4F7556}") = "Builder", "Creational-Patterns\Builder\Builder.csproj", "{0C94EA9A-4EAF-493E-9A65-C013E4EEB0AF}"
EndProject
Project("{2150E333-8FDC-42A3-9474-1A3956D46DE8}") = "5-Prototype", "5-Prototype", "{7AD89C45-51B7-4609-BF2F-1F885E517A1A}"
EndProject
Project("{FAE04EC0-301F-11D3-BF4B-00C04F79EFBC}") = "Prototype", "Creational-Patterns\Prototype\Prototype.csproj", "{21586BBF-75DC-4DB6-A7BA-D62F3F5DC609}"
EndProject
Global
	GlobalSection(SolutionConfigurationPlatforms) = preSolution
		Debug|Any CPU = Debug|Any CPU
		Release|Any CPU = Release|Any CPU
	EndGlobalSection
	GlobalSection(ProjectConfigurationPlatforms) = postSolution
		{04F38736-6441-4325-81BB-EAF1FD2D5B2F}.Debug|Any CPU.ActiveCfg = Debug|Any CPU
		{04F38736-6441-4325-81BB-EAF1FD2D5B2F}.Debug|Any CPU.Build.0 = Debug|Any CPU
		{04F38736-6441-4325-81BB-EAF1FD2D5B2F}.Release|Any CPU.ActiveCfg = Release|Any CPU
		{04F38736-6441-4325-81BB-EAF1FD2D5B2F}.Release|Any CPU.Build.0 = Release|Any CPU
		{4FB088F7-AD86-44A9-9C3C-1138E8B3593B}.Debug|Any CPU.ActiveCfg = Debug|Any CPU
		{4FB088F7-AD86-44A9-9C3C-1138E8B3593B}.Debug|Any CPU.Build.0 = Debug|Any CPU
		{4FB088F7-AD86-44A9-9C3C-1138E8B3593B}.Release|Any CPU.ActiveCfg = Release|Any CPU
		{4FB088F7-AD86-44A9-9C3C-1138E8B3593B}.Release|Any CPU.Build.0 = Release|Any CPU
		{6F9B77A1-C704-4E0A-9199-CF0E40D39C06}.Debug|Any CPU.ActiveCfg = Debug|Any CPU
		{6F9B77A1-C704-4E0A-9199-CF0E40D39C06}.Debug|Any CPU.Build.0 = Debug|Any CPU
		{6F9B77A1-C704-4E0A-9199-CF0E40D39C06}.Release|Any CPU.ActiveCfg = Release|Any CPU
		{6F9B77A1-C704-4E0A-9199-CF0E40D39C06}.Release|Any CPU.Build.0 = Release|Any CPU
		{0C94EA9A-4EAF-493E-9A65-C013E4EEB0AF}.Debug|Any CPU.ActiveCfg = Debug|Any CPU
		{0C94EA9A-4EAF-493E-9A65-C013E4EEB0AF}.Debug|Any CPU.Build.0 = Debug|Any CPU
		{0C94EA9A-4EAF-493E-9A65-C013E4EEB0AF}.Release|Any CPU.ActiveCfg = Release|Any CPU
		{0C94EA9A-4EAF-493E-9A65-C013E4EEB0AF}.Release|Any CPU.Build.0 = Release|Any CPU
		{21586BBF-75DC-4DB6-A7BA-D62F3F5DC609}.Debug|Any CPU.ActiveCfg = Debug|Any CPU
		{21586BBF-75DC-4DB6-A7BA-D62F3F5DC609}.Debug|Any CPU.Build.0 = Debug|Any CPU
		{21586BBF-75DC-4DB6-A7BA-D62F3F5DC609}.Release|Any CPU.ActiveCfg = Release|Any CPU
		{21586BBF-75DC-4DB6-A7BA-D62F3F5DC609}.Release|Any CPU.Build.0 = Release|Any CPU
	EndGlobalSection
	GlobalSection(SolutionProperties) = preSolution
		HideSolutionNode = FALSE
	EndGlobalSection
	GlobalSection(NestedProjects) = preSolution
		{9AF3CEA7-8BDE-4DB1-9873-27DB16C51296} = {0D06F6B5-4641-4A8A-A796-A9C47914A723}
		{04F38736-6441-4325-81BB-EAF1FD2D5B2F} = {9AF3CEA7-8BDE-4DB1-9873-27DB16C51296}
		{AD66EACA-6C18-4BEE-B43A-79037676F86A} = {0D06F6B5-4641-4A8A-A796-A9C47914A723}
		{4FB088F7-AD86-44A9-9C3C-1138E8B3593B} = {AD66EACA-6C18-4BEE-B43A-79037676F86A}
		{08830A0B-FCAC-469D-BEFD-EDF9F651C041} = {0D06F6B5-4641-4A8A-A796-A9C47914A723}
		{6F9B77A1-C704-4E0A-9199-CF0E40D39C06} = {08830A0B-FCAC-469D-BEFD-EDF9F651C041}
		{A6E289B4-DBCA-4B7C-919E-879440EFECFD} = {0D06F6B5-4641-4A8A-A796-A9C47914A723}
		{0C94EA9A-4EAF-493E-9A65-C013E4EEB0AF} = {A6E289B4-DBCA-4B7C-919E-879440EFECFD}
		{7AD89C45-51B7-4609-BF2F-1F885E517A1A} = {0D06F6B5-4641-4A8A-A796-A9C47914A723}
		{21586BBF-75DC-4DB6-A7BA-D62F3F5DC609} = {7AD89C45-51B7-4609-BF2F-1F885E517A1A}
	EndGlobalSection
	GlobalSection(ExtensibilityGlobals) = postSolution
		SolutionGuid = {471DE616-C32E-4B8B-848C-867ED9E0950F}
	EndGlobalSection
EndGlobal
